// !$*UTF8*$!
{
	archiveVersion = 1;
	classes = {
	};
	objectVersion = 48;
	objects = {

/* Begin PBXBuildFile section */
		7B9ACE2A9D4406C0D8D18C92 /* Pods_vk.framework in Frameworks */ = {isa = PBXBuildFile; fileRef = EBE7A39867EF09C70D8133A9 /* Pods_vk.framework */; };
		9A09568D1F926D2200E448A6 /* InfoVC.swift in Sources */ = {isa = PBXBuildFile; fileRef = 9A09568C1F926D2200E448A6 /* InfoVC.swift */; };
		9A09568F1F935DC400E448A6 /* statusVC.swift in Sources */ = {isa = PBXBuildFile; fileRef = 9A09568E1F935DC400E448A6 /* statusVC.swift */; };
		9A0956921F93663E00E448A6 /* customImageView.swift in Sources */ = {isa = PBXBuildFile; fileRef = 9A0956911F93663E00E448A6 /* customImageView.swift */; };
		9A0BE7A61F995A5E009B33A5 /* ListCell.swift in Sources */ = {isa = PBXBuildFile; fileRef = 9A0BE7A51F995A5E009B33A5 /* ListCell.swift */; };
		9A0BE7A91F995FF3009B33A5 /* UsersAndGroupsManager.swift in Sources */ = {isa = PBXBuildFile; fileRef = 9A0BE7A81F995FF3009B33A5 /* UsersAndGroupsManager.swift */; };
		9A0BE7AB1F997574009B33A5 /* phone.png in Resources */ = {isa = PBXBuildFile; fileRef = 9A0BE7AA1F997574009B33A5 /* phone.png */; };
		9A0BE7B11F9DF410009B33A5 /* PhotoProfileManager.swift in Sources */ = {isa = PBXBuildFile; fileRef = 9A0BE7B01F9DF410009B33A5 /* PhotoProfileManager.swift */; };
		9A0BE7B31F9DFA54009B33A5 /* PhotoModel.swift in Sources */ = {isa = PBXBuildFile; fileRef = 9A0BE7B21F9DFA54009B33A5 /* PhotoModel.swift */; };
		9A0BE7B51F9F144D009B33A5 /* PhotoGalleryVC.swift in Sources */ = {isa = PBXBuildFile; fileRef = 9A0BE7B41F9F144D009B33A5 /* PhotoGalleryVC.swift */; };
		9A3A29011F8A1B85000856F0 /* AppDelegate.swift in Sources */ = {isa = PBXBuildFile; fileRef = 9A3A29001F8A1B85000856F0 /* AppDelegate.swift */; };
		9A3A29061F8A1B85000856F0 /* Main.storyboard in Resources */ = {isa = PBXBuildFile; fileRef = 9A3A29041F8A1B85000856F0 /* Main.storyboard */; };
		9A3A29081F8A1B85000856F0 /* Assets.xcassets in Resources */ = {isa = PBXBuildFile; fileRef = 9A3A29071F8A1B85000856F0 /* Assets.xcassets */; };
		9A3A290B1F8A1B85000856F0 /* LaunchScreen.storyboard in Resources */ = {isa = PBXBuildFile; fileRef = 9A3A29091F8A1B85000856F0 /* LaunchScreen.storyboard */; };
		9A428D0D1FA0F715003E8D0E /* UIcolor+hex.swift in Sources */ = {isa = PBXBuildFile; fileRef = 9A428D0C1FA0F714003E8D0E /* UIcolor+hex.swift */; };
		9A433ED21FA34AE20057D334 /* VideoListVC.swift in Sources */ = {isa = PBXBuildFile; fileRef = 9A433ED11FA34AE20057D334 /* VideoListVC.swift */; };
		9A433ED51FA34EB20057D334 /* VideoListCellVC.swift in Sources */ = {isa = PBXBuildFile; fileRef = 9A433ED31FA34EB20057D334 /* VideoListCellVC.swift */; };
		9A433ED61FA34EB20057D334 /* VideoListCellVC.xib in Resources */ = {isa = PBXBuildFile; fileRef = 9A433ED41FA34EB20057D334 /* VideoListCellVC.xib */; };
		9A433ED81FA351CD0057D334 /* VideoModel.swift in Sources */ = {isa = PBXBuildFile; fileRef = 9A433ED71FA351CD0057D334 /* VideoModel.swift */; };
		9A433EDB1FA35C650057D334 /* VideoListManager.swift in Sources */ = {isa = PBXBuildFile; fileRef = 9A433EDA1FA35C650057D334 /* VideoListManager.swift */; };
		9A47C7C81F98B2D800DD663D /* CounterCell.swift in Sources */ = {isa = PBXBuildFile; fileRef = 9A47C7C71F98B2D800DD663D /* CounterCell.swift */; };
		9A9DE3111F8A22CA00789289 /* FeedVC.swift in Sources */ = {isa = PBXBuildFile; fileRef = 9A9DE3101F8A22CA00789289 /* FeedVC.swift */; };
		9A9DE3151F8A236700789289 /* vk_auth_manager.swift in Sources */ = {isa = PBXBuildFile; fileRef = 9A9DE3141F8A236700789289 /* vk_auth_manager.swift */; };
		9A9DE3171F8A2D1C00789289 /* AuthorizationDelegate.swift in Sources */ = {isa = PBXBuildFile; fileRef = 9A9DE3161F8A2D1C00789289 /* AuthorizationDelegate.swift */; };
		9A9DE31C1F8A331600789289 /* const.swift in Sources */ = {isa = PBXBuildFile; fileRef = 9A9DE31B1F8A331600789289 /* const.swift */; };
		9A9DE33C1F8BCDD200789289 /* NewsVC.swift in Sources */ = {isa = PBXBuildFile; fileRef = 9A9DE33B1F8BCDD200789289 /* NewsVC.swift */; };
		9A9DE33F1F8BD0B800789289 /* API_conf.swift in Sources */ = {isa = PBXBuildFile; fileRef = 9A9DE33E1F8BD0B800789289 /* API_conf.swift */; };
		9A9DE3411F8BD6A100789289 /* API_wrapper.swift in Sources */ = {isa = PBXBuildFile; fileRef = 9A9DE3401F8BD6A100789289 /* API_wrapper.swift */; };
		9A9DE3451F8D181400789289 /* newsManager.swift in Sources */ = {isa = PBXBuildFile; fileRef = 9A9DE3441F8D181400789289 /* newsManager.swift */; };
		9A9DE3481F8D197D00789289 /* postModel.swift in Sources */ = {isa = PBXBuildFile; fileRef = 9A9DE3471F8D197D00789289 /* postModel.swift */; };
		9A9DE34E1F8E0B4D00789289 /* logo.jpg in Resources */ = {isa = PBXBuildFile; fileRef = 9A9DE34D1F8E0B4D00789289 /* logo.jpg */; };
		9A9DE3581F8E184800789289 /* PostCell.swift in Sources */ = {isa = PBXBuildFile; fileRef = 9A9DE3561F8E184800789289 /* PostCell.swift */; };
		9A9DE3591F8E184800789289 /* PostCell.xib in Resources */ = {isa = PBXBuildFile; fileRef = 9A9DE3571F8E184800789289 /* PostCell.xib */; };
		9A9DE35B1F8E712700789289 /* like.png in Resources */ = {isa = PBXBuildFile; fileRef = 9A9DE35A1F8E712700789289 /* like.png */; };
		9A9DE35D1F8E712E00789289 /* repsot.png in Resources */ = {isa = PBXBuildFile; fileRef = 9A9DE35C1F8E712E00789289 /* repsot.png */; };
		9A9DE35F1F8E730A00789289 /* tape.png in Resources */ = {isa = PBXBuildFile; fileRef = 9A9DE35E1F8E730A00789289 /* tape.png */; };
		9A9DE3611F8E731300789289 /* vkfeed.png in Resources */ = {isa = PBXBuildFile; fileRef = 9A9DE3601F8E731300789289 /* vkfeed.png */; };
		9A9DE3651F8E86D400789289 /* UserModel.swift in Sources */ = {isa = PBXBuildFile; fileRef = 9A9DE3641F8E86D400789289 /* UserModel.swift */; };
		9A9DE3681F8E9AD900789289 /* Helper.swift in Sources */ = {isa = PBXBuildFile; fileRef = 9A9DE3671F8E9AD900789289 /* Helper.swift */; };
		9AA211EE1FA4716800A3467B /* VideoVC.swift in Sources */ = {isa = PBXBuildFile; fileRef = 9AA211ED1FA4716800A3467B /* VideoVC.swift */; };
		9AA211F11FA4753000A3467B /* VideoCellVC.swift in Sources */ = {isa = PBXBuildFile; fileRef = 9AA211EF1FA4753000A3467B /* VideoCellVC.swift */; };
		9AA211F21FA4753000A3467B /* VideoCellVC.xib in Resources */ = {isa = PBXBuildFile; fileRef = 9AA211F01FA4753000A3467B /* VideoCellVC.xib */; };
		9AA211F41FA491F500A3467B /* views.png in Resources */ = {isa = PBXBuildFile; fileRef = 9AA211F31FA491F500A3467B /* views.png */; };
		9ACBDFC11FAC783500908A30 /* LoadingView.xib in Resources */ = {isa = PBXBuildFile; fileRef = 9ACBDFC01FAC783500908A30 /* LoadingView.xib */; };
		9ACBDFC31FAC789500908A30 /* LoadingView.swift in Sources */ = {isa = PBXBuildFile; fileRef = 9ACBDFC21FAC789500908A30 /* LoadingView.swift */; };
		9AD1E3571F901D50001FBE6A /* HeaderCell.swift in Sources */ = {isa = PBXBuildFile; fileRef = 9AD1E3551F901D50001FBE6A /* HeaderCell.swift */; };
		9AD1E3581F901D50001FBE6A /* HeaderCell.xib in Resources */ = {isa = PBXBuildFile; fileRef = 9AD1E3561F901D50001FBE6A /* HeaderCell.xib */; };
		9AD1E35A1F902171001FBE6A /* info.png in Resources */ = {isa = PBXBuildFile; fileRef = 9AD1E3591F902171001FBE6A /* info.png */; };
		9AD1E35D1F9022AF001FBE6A /* ProfileInfoManager.swift in Sources */ = {isa = PBXBuildFile; fileRef = 9AD1E35C1F9022AF001FBE6A /* ProfileInfoManager.swift */; };
		9AF08A301F99131E00965F92 /* PhotoCell.swift in Sources */ = {isa = PBXBuildFile; fileRef = 9AF08A2F1F99131E00965F92 /* PhotoCell.swift */; };
		9AF08A331F99336300965F92 /* ListVC.swift in Sources */ = {isa = PBXBuildFile; fileRef = 9AF08A321F99336300965F92 /* ListVC.swift */; };
		9AF08A351F9957D600965F92 /* GroupModel.swift in Sources */ = {isa = PBXBuildFile; fileRef = 9AF08A341F9957D600965F92 /* GroupModel.swift */; };
/* End PBXBuildFile section */

/* Begin PBXFileReference section */
		85B3025A524DECD56BBE21D5 /* Pods-vk.debug.xcconfig */ = {isa = PBXFileReference; includeInIndex = 1; lastKnownFileType = text.xcconfig; name = "Pods-vk.debug.xcconfig"; path = "Pods/Target Support Files/Pods-vk/Pods-vk.debug.xcconfig"; sourceTree = "<group>"; };
		9A09568C1F926D2200E448A6 /* InfoVC.swift */ = {isa = PBXFileReference; lastKnownFileType = sourcecode.swift; path = InfoVC.swift; sourceTree = "<group>"; };
		9A09568E1F935DC400E448A6 /* statusVC.swift */ = {isa = PBXFileReference; lastKnownFileType = sourcecode.swift; path = statusVC.swift; sourceTree = "<group>"; };
		9A0956911F93663E00E448A6 /* customImageView.swift */ = {isa = PBXFileReference; lastKnownFileType = sourcecode.swift; path = customImageView.swift; sourceTree = "<group>"; };
		9A0BE7A51F995A5E009B33A5 /* ListCell.swift */ = {isa = PBXFileReference; lastKnownFileType = sourcecode.swift; path = ListCell.swift; sourceTree = "<group>"; };
		9A0BE7A81F995FF3009B33A5 /* UsersAndGroupsManager.swift */ = {isa = PBXFileReference; lastKnownFileType = sourcecode.swift; path = UsersAndGroupsManager.swift; sourceTree = "<group>"; };
		9A0BE7AA1F997574009B33A5 /* phone.png */ = {isa = PBXFileReference; lastKnownFileType = image.png; path = phone.png; sourceTree = "<group>"; };
		9A0BE7B01F9DF410009B33A5 /* PhotoProfileManager.swift */ = {isa = PBXFileReference; lastKnownFileType = sourcecode.swift; path = PhotoProfileManager.swift; sourceTree = "<group>"; };
		9A0BE7B21F9DFA54009B33A5 /* PhotoModel.swift */ = {isa = PBXFileReference; lastKnownFileType = sourcecode.swift; path = PhotoModel.swift; sourceTree = "<group>"; };
		9A0BE7B41F9F144D009B33A5 /* PhotoGalleryVC.swift */ = {isa = PBXFileReference; lastKnownFileType = sourcecode.swift; path = PhotoGalleryVC.swift; sourceTree = "<group>"; };
		9A3A28FD1F8A1B85000856F0 /* vk.app */ = {isa = PBXFileReference; explicitFileType = wrapper.application; includeInIndex = 0; path = vk.app; sourceTree = BUILT_PRODUCTS_DIR; };
		9A3A29001F8A1B85000856F0 /* AppDelegate.swift */ = {isa = PBXFileReference; lastKnownFileType = sourcecode.swift; path = AppDelegate.swift; sourceTree = "<group>"; };
		9A3A29051F8A1B85000856F0 /* Base */ = {isa = PBXFileReference; lastKnownFileType = file.storyboard; name = Base; path = Base.lproj/Main.storyboard; sourceTree = "<group>"; };
		9A3A29071F8A1B85000856F0 /* Assets.xcassets */ = {isa = PBXFileReference; lastKnownFileType = folder.assetcatalog; path = Assets.xcassets; sourceTree = "<group>"; };
		9A3A290A1F8A1B85000856F0 /* Base */ = {isa = PBXFileReference; lastKnownFileType = file.storyboard; name = Base; path = Base.lproj/LaunchScreen.storyboard; sourceTree = "<group>"; };
		9A3A290C1F8A1B85000856F0 /* Info.plist */ = {isa = PBXFileReference; lastKnownFileType = text.plist.xml; path = Info.plist; sourceTree = "<group>"; };
		9A428D0C1FA0F714003E8D0E /* UIcolor+hex.swift */ = {isa = PBXFileReference; lastKnownFileType = sourcecode.swift; path = "UIcolor+hex.swift"; sourceTree = "<group>"; };
		9A433ED11FA34AE20057D334 /* VideoListVC.swift */ = {isa = PBXFileReference; lastKnownFileType = sourcecode.swift; path = VideoListVC.swift; sourceTree = "<group>"; };
		9A433ED31FA34EB20057D334 /* VideoListCellVC.swift */ = {isa = PBXFileReference; lastKnownFileType = sourcecode.swift; path = VideoListCellVC.swift; sourceTree = "<group>"; };
		9A433ED41FA34EB20057D334 /* VideoListCellVC.xib */ = {isa = PBXFileReference; lastKnownFileType = file.xib; path = VideoListCellVC.xib; sourceTree = "<group>"; };
		9A433ED71FA351CD0057D334 /* VideoModel.swift */ = {isa = PBXFileReference; lastKnownFileType = sourcecode.swift; path = VideoModel.swift; sourceTree = "<group>"; };
		9A433EDA1FA35C650057D334 /* VideoListManager.swift */ = {isa = PBXFileReference; lastKnownFileType = sourcecode.swift; path = VideoListManager.swift; sourceTree = "<group>"; };
		9A47C7C71F98B2D800DD663D /* CounterCell.swift */ = {isa = PBXFileReference; lastKnownFileType = sourcecode.swift; path = CounterCell.swift; sourceTree = "<group>"; };
		9A9DE3101F8A22CA00789289 /* FeedVC.swift */ = {isa = PBXFileReference; lastKnownFileType = sourcecode.swift; path = FeedVC.swift; sourceTree = "<group>"; };
		9A9DE3141F8A236700789289 /* vk_auth_manager.swift */ = {isa = PBXFileReference; lastKnownFileType = sourcecode.swift; path = vk_auth_manager.swift; sourceTree = "<group>"; };
		9A9DE3161F8A2D1C00789289 /* AuthorizationDelegate.swift */ = {isa = PBXFileReference; lastKnownFileType = sourcecode.swift; path = AuthorizationDelegate.swift; sourceTree = "<group>"; };
		9A9DE31B1F8A331600789289 /* const.swift */ = {isa = PBXFileReference; lastKnownFileType = sourcecode.swift; path = const.swift; sourceTree = "<group>"; };
		9A9DE33B1F8BCDD200789289 /* NewsVC.swift */ = {isa = PBXFileReference; lastKnownFileType = sourcecode.swift; path = NewsVC.swift; sourceTree = "<group>"; };
		9A9DE33E1F8BD0B800789289 /* API_conf.swift */ = {isa = PBXFileReference; lastKnownFileType = sourcecode.swift; path = API_conf.swift; sourceTree = "<group>"; };
		9A9DE3401F8BD6A100789289 /* API_wrapper.swift */ = {isa = PBXFileReference; lastKnownFileType = sourcecode.swift; path = API_wrapper.swift; sourceTree = "<group>"; };
		9A9DE3441F8D181400789289 /* newsManager.swift */ = {isa = PBXFileReference; lastKnownFileType = sourcecode.swift; path = newsManager.swift; sourceTree = "<group>"; };
		9A9DE3471F8D197D00789289 /* postModel.swift */ = {isa = PBXFileReference; lastKnownFileType = sourcecode.swift; path = postModel.swift; sourceTree = "<group>"; };
		9A9DE34D1F8E0B4D00789289 /* logo.jpg */ = {isa = PBXFileReference; lastKnownFileType = image.jpeg; path = logo.jpg; sourceTree = "<group>"; };
		9A9DE3561F8E184800789289 /* PostCell.swift */ = {isa = PBXFileReference; lastKnownFileType = sourcecode.swift; path = PostCell.swift; sourceTree = "<group>"; };
		9A9DE3571F8E184800789289 /* PostCell.xib */ = {isa = PBXFileReference; lastKnownFileType = file.xib; path = PostCell.xib; sourceTree = "<group>"; };
		9A9DE35A1F8E712700789289 /* like.png */ = {isa = PBXFileReference; lastKnownFileType = image.png; path = like.png; sourceTree = "<group>"; };
		9A9DE35C1F8E712E00789289 /* repsot.png */ = {isa = PBXFileReference; lastKnownFileType = image.png; path = repsot.png; sourceTree = "<group>"; };
		9A9DE35E1F8E730A00789289 /* tape.png */ = {isa = PBXFileReference; lastKnownFileType = image.png; path = tape.png; sourceTree = "<group>"; };
		9A9DE3601F8E731300789289 /* vkfeed.png */ = {isa = PBXFileReference; lastKnownFileType = image.png; path = vkfeed.png; sourceTree = "<group>"; };
		9A9DE3641F8E86D400789289 /* UserModel.swift */ = {isa = PBXFileReference; lastKnownFileType = sourcecode.swift; path = UserModel.swift; sourceTree = "<group>"; };
		9A9DE3671F8E9AD900789289 /* Helper.swift */ = {isa = PBXFileReference; lastKnownFileType = sourcecode.swift; path = Helper.swift; sourceTree = "<group>"; };
		9AA211ED1FA4716800A3467B /* VideoVC.swift */ = {isa = PBXFileReference; lastKnownFileType = sourcecode.swift; path = VideoVC.swift; sourceTree = "<group>"; };
		9AA211EF1FA4753000A3467B /* VideoCellVC.swift */ = {isa = PBXFileReference; lastKnownFileType = sourcecode.swift; path = VideoCellVC.swift; sourceTree = "<group>"; };
		9AA211F01FA4753000A3467B /* VideoCellVC.xib */ = {isa = PBXFileReference; lastKnownFileType = file.xib; path = VideoCellVC.xib; sourceTree = "<group>"; };
		9AA211F31FA491F500A3467B /* views.png */ = {isa = PBXFileReference; lastKnownFileType = image.png; path = views.png; sourceTree = "<group>"; };
		9ACBDFC01FAC783500908A30 /* LoadingView.xib */ = {isa = PBXFileReference; lastKnownFileType = file.xib; path = LoadingView.xib; sourceTree = "<group>"; };
		9ACBDFC21FAC789500908A30 /* LoadingView.swift */ = {isa = PBXFileReference; lastKnownFileType = sourcecode.swift; path = LoadingView.swift; sourceTree = "<group>"; };
		9AD1E3551F901D50001FBE6A /* HeaderCell.swift */ = {isa = PBXFileReference; lastKnownFileType = sourcecode.swift; path = HeaderCell.swift; sourceTree = "<group>"; };
		9AD1E3561F901D50001FBE6A /* HeaderCell.xib */ = {isa = PBXFileReference; lastKnownFileType = file.xib; path = HeaderCell.xib; sourceTree = "<group>"; };
		9AD1E3591F902171001FBE6A /* info.png */ = {isa = PBXFileReference; lastKnownFileType = image.png; path = info.png; sourceTree = "<group>"; };
		9AD1E35C1F9022AF001FBE6A /* ProfileInfoManager.swift */ = {isa = PBXFileReference; lastKnownFileType = sourcecode.swift; path = ProfileInfoManager.swift; sourceTree = "<group>"; };
		9AF08A2F1F99131E00965F92 /* PhotoCell.swift */ = {isa = PBXFileReference; lastKnownFileType = sourcecode.swift; path = PhotoCell.swift; sourceTree = "<group>"; };
		9AF08A321F99336300965F92 /* ListVC.swift */ = {isa = PBXFileReference; lastKnownFileType = sourcecode.swift; path = ListVC.swift; sourceTree = "<group>"; };
		9AF08A341F9957D600965F92 /* GroupModel.swift */ = {isa = PBXFileReference; lastKnownFileType = sourcecode.swift; path = GroupModel.swift; sourceTree = "<group>"; };
		EBE7A39867EF09C70D8133A9 /* Pods_vk.framework */ = {isa = PBXFileReference; explicitFileType = wrapper.framework; includeInIndex = 0; path = Pods_vk.framework; sourceTree = BUILT_PRODUCTS_DIR; };
		F984FD9903B6799AAD59410E /* Pods-vk.release.xcconfig */ = {isa = PBXFileReference; includeInIndex = 1; lastKnownFileType = text.xcconfig; name = "Pods-vk.release.xcconfig"; path = "Pods/Target Support Files/Pods-vk/Pods-vk.release.xcconfig"; sourceTree = "<group>"; };
/* End PBXFileReference section */

/* Begin PBXFrameworksBuildPhase section */
		9A3A28FA1F8A1B85000856F0 /* Frameworks */ = {
			isa = PBXFrameworksBuildPhase;
			buildActionMask = 2147483647;
			files = (
				7B9ACE2A9D4406C0D8D18C92 /* Pods_vk.framework in Frameworks */,
			);
			runOnlyForDeploymentPostprocessing = 0;
		};
/* End PBXFrameworksBuildPhase section */

/* Begin PBXGroup section */
		04CE73FC5B8E33388F6685EE /* Frameworks */ = {
			isa = PBXGroup;
			children = (
				EBE7A39867EF09C70D8133A9 /* Pods_vk.framework */,
			);
			name = Frameworks;
			sourceTree = "<group>";
		};
		5AF6DF4CC91A7939F58C9BC2 /* Pods */ = {
			isa = PBXGroup;
			children = (
				85B3025A524DECD56BBE21D5 /* Pods-vk.debug.xcconfig */,
				F984FD9903B6799AAD59410E /* Pods-vk.release.xcconfig */,
			);
			name = Pods;
			sourceTree = "<group>";
		};
		9A09568B1F926CFE00E448A6 /* InfoVC */ = {
			isa = PBXGroup;
			children = (
				9A09568C1F926D2200E448A6 /* InfoVC.swift */,
				9A09568E1F935DC400E448A6 /* statusVC.swift */,
				9A0BE7B41F9F144D009B33A5 /* PhotoGalleryVC.swift */,
			);
			path = InfoVC;
			sourceTree = "<group>";
		};
		9A0956901F93661500E448A6 /* customViews */ = {
			isa = PBXGroup;
			children = (
				9A0956911F93663E00E448A6 /* customImageView.swift */,
				9A428D0C1FA0F714003E8D0E /* UIcolor+hex.swift */,
				9ACBDFC21FAC789500908A30 /* LoadingView.swift */,
				9ACBDFC01FAC783500908A30 /* LoadingView.xib */,
			);
			path = customViews;
			sourceTree = "<group>";
		};
		9A0BE7A71F995FC1009B33A5 /* UsersAndGroupsManager */ = {
			isa = PBXGroup;
			children = (
				9A0BE7A81F995FF3009B33A5 /* UsersAndGroupsManager.swift */,
			);
			path = UsersAndGroupsManager;
			sourceTree = "<group>";
		};
		9A0BE7AC1F9CBAC9009B33A5 /* ProfilePhotoManager */ = {
			isa = PBXGroup;
			children = (
				9A0BE7B01F9DF410009B33A5 /* PhotoProfileManager.swift */,
			);
			path = ProfilePhotoManager;
			sourceTree = "<group>";
		};
		9A3A28F41F8A1B85000856F0 = {
			isa = PBXGroup;
			children = (
				9A3A28FF1F8A1B85000856F0 /* vk */,
				9A3A28FE1F8A1B85000856F0 /* Products */,
				5AF6DF4CC91A7939F58C9BC2 /* Pods */,
				04CE73FC5B8E33388F6685EE /* Frameworks */,
			);
			sourceTree = "<group>";
		};
		9A3A28FE1F8A1B85000856F0 /* Products */ = {
			isa = PBXGroup;
			children = (
				9A3A28FD1F8A1B85000856F0 /* vk.app */,
			);
			name = Products;
			sourceTree = "<group>";
		};
		9A3A28FF1F8A1B85000856F0 /* vk */ = {
			isa = PBXGroup;
			children = (
				9A3A29041F8A1B85000856F0 /* Main.storyboard */,
				9A0956901F93661500E448A6 /* customViews */,
				9A9DE3661F8E9A8B00789289 /* Helper */,
				9A9DE3461F8D196000789289 /* models */,
				9A9DE33D1F8BD0A700789289 /* API */,
				9A9DE31A1F8A330200789289 /* const */,
				9A9DE3121F8A234500789289 /* managers */,
				9A3A29131F8A1BAA000856F0 /* images */,
				9A9DE30F1F8A229F00789289 /* VC */,
				9A3A29121F8A1B8C000856F0 /* other */,
			);
			path = vk;
			sourceTree = "<group>";
		};
		9A3A29121F8A1B8C000856F0 /* other */ = {
			isa = PBXGroup;
			children = (
				9A3A29071F8A1B85000856F0 /* Assets.xcassets */,
				9A3A290C1F8A1B85000856F0 /* Info.plist */,
				9A3A29091F8A1B85000856F0 /* LaunchScreen.storyboard */,
				9A3A29001F8A1B85000856F0 /* AppDelegate.swift */,
			);
			path = other;
			sourceTree = "<group>";
		};
		9A3A29131F8A1BAA000856F0 /* images */ = {
			isa = PBXGroup;
			children = (
				9AA211F31FA491F500A3467B /* views.png */,
				9A0BE7AA1F997574009B33A5 /* phone.png */,
				9AD1E3591F902171001FBE6A /* info.png */,
				9A9DE3601F8E731300789289 /* vkfeed.png */,
				9A9DE35E1F8E730A00789289 /* tape.png */,
				9A9DE35C1F8E712E00789289 /* repsot.png */,
				9A9DE35A1F8E712700789289 /* like.png */,
				9A9DE34D1F8E0B4D00789289 /* logo.jpg */,
			);
			path = images;
			sourceTree = "<group>";
		};
		9A433ED01FA34ABC0057D334 /* VideoListVC */ = {
			isa = PBXGroup;
			children = (
				9AA211EC1FA4714700A3467B /* VideoVC */,
				9A433ED11FA34AE20057D334 /* VideoListVC.swift */,
				9A433ED31FA34EB20057D334 /* VideoListCellVC.swift */,
				9A433ED41FA34EB20057D334 /* VideoListCellVC.xib */,
			);
			path = VideoListVC;
			sourceTree = "<group>";
		};
		9A433ED91FA35C510057D334 /* VideoListManager */ = {
			isa = PBXGroup;
			children = (
				9A433EDA1FA35C650057D334 /* VideoListManager.swift */,
			);
			path = VideoListManager;
			sourceTree = "<group>";
		};
		9A47C7BF1F9898D000DD663D /* cells */ = {
			isa = PBXGroup;
			children = (
				9AD1E3561F901D50001FBE6A /* HeaderCell.xib */,
				9AD1E3551F901D50001FBE6A /* HeaderCell.swift */,
				9A47C7C71F98B2D800DD663D /* CounterCell.swift */,
				9AF08A2F1F99131E00965F92 /* PhotoCell.swift */,
			);
			path = cells;
			sourceTree = "<group>";
		};
		9A9DE30F1F8A229F00789289 /* VC */ = {
			isa = PBXGroup;
			children = (
				9A433ED01FA34ABC0057D334 /* VideoListVC */,
				9AF08A311F99332200965F92 /* ListVC */,
				9A09568B1F926CFE00E448A6 /* InfoVC */,
				9A9DE34A1F8E074A00789289 /* FeedVC */,
				9A9DE3491F8E073D00789289 /* NewsVC */,
			);
			path = VC;
			sourceTree = "<group>";
		};
		9A9DE3121F8A234500789289 /* managers */ = {
			isa = PBXGroup;
			children = (
				9A433ED91FA35C510057D334 /* VideoListManager */,
				9A0BE7AC1F9CBAC9009B33A5 /* ProfilePhotoManager */,
				9A0BE7A71F995FC1009B33A5 /* UsersAndGroupsManager */,
				9AD1E35B1F90228F001FBE6A /* ProfileInfoManager */,
				9A9DE3431F8D17EB00789289 /* newsManagers */,
				9A9DE3131F8A235000789289 /* vk_auth */,
			);
			path = managers;
			sourceTree = "<group>";
		};
		9A9DE3131F8A235000789289 /* vk_auth */ = {
			isa = PBXGroup;
			children = (
				9A9DE3141F8A236700789289 /* vk_auth_manager.swift */,
				9A9DE3161F8A2D1C00789289 /* AuthorizationDelegate.swift */,
			);
			path = vk_auth;
			sourceTree = "<group>";
		};
		9A9DE31A1F8A330200789289 /* const */ = {
			isa = PBXGroup;
			children = (
				9A9DE31B1F8A331600789289 /* const.swift */,
			);
			path = const;
			sourceTree = "<group>";
		};
		9A9DE33D1F8BD0A700789289 /* API */ = {
			isa = PBXGroup;
			children = (
				9A9DE33E1F8BD0B800789289 /* API_conf.swift */,
				9A9DE3401F8BD6A100789289 /* API_wrapper.swift */,
			);
			path = API;
			sourceTree = "<group>";
		};
		9A9DE3431F8D17EB00789289 /* newsManagers */ = {
			isa = PBXGroup;
			children = (
				9A9DE3441F8D181400789289 /* newsManager.swift */,
			);
			path = newsManagers;
			sourceTree = "<group>";
		};
		9A9DE3461F8D196000789289 /* models */ = {
			isa = PBXGroup;
			children = (
				9A9DE3471F8D197D00789289 /* postModel.swift */,
				9A9DE3641F8E86D400789289 /* UserModel.swift */,
				9AF08A341F9957D600965F92 /* GroupModel.swift */,
				9A0BE7B21F9DFA54009B33A5 /* PhotoModel.swift */,
				9A433ED71FA351CD0057D334 /* VideoModel.swift */,
			);
			path = models;
			sourceTree = "<group>";
		};
		9A9DE3491F8E073D00789289 /* NewsVC */ = {
			isa = PBXGroup;
			children = (
				9A9DE33B1F8BCDD200789289 /* NewsVC.swift */,
				9A9DE3561F8E184800789289 /* PostCell.swift */,
				9A9DE3571F8E184800789289 /* PostCell.xib */,
			);
			path = NewsVC;
			sourceTree = "<group>";
		};
		9A9DE34A1F8E074A00789289 /* FeedVC */ = {
			isa = PBXGroup;
			children = (
				9A47C7BF1F9898D000DD663D /* cells */,
				9A9DE3101F8A22CA00789289 /* FeedVC.swift */,
			);
			path = FeedVC;
			sourceTree = "<group>";
		};
		9A9DE3661F8E9A8B00789289 /* Helper */ = {
			isa = PBXGroup;
			children = (
				9A9DE3671F8E9AD900789289 /* Helper.swift */,
			);
			path = Helper;
			sourceTree = "<group>";
		};
		9AA211EC1FA4714700A3467B /* VideoVC */ = {
			isa = PBXGroup;
			children = (
				9AA211ED1FA4716800A3467B /* VideoVC.swift */,
				9AA211EF1FA4753000A3467B /* VideoCellVC.swift */,
				9AA211F01FA4753000A3467B /* VideoCellVC.xib */,
			);
			path = VideoVC;
			sourceTree = "<group>";
		};
		9AD1E35B1F90228F001FBE6A /* ProfileInfoManager */ = {
			isa = PBXGroup;
			children = (
				9AD1E35C1F9022AF001FBE6A /* ProfileInfoManager.swift */,
			);
			path = ProfileInfoManager;
			sourceTree = "<group>";
		};
		9AF08A311F99332200965F92 /* ListVC */ = {
			isa = PBXGroup;
			children = (
				9AF08A321F99336300965F92 /* ListVC.swift */,
				9A0BE7A51F995A5E009B33A5 /* ListCell.swift */,
			);
			path = ListVC;
			sourceTree = "<group>";
		};
/* End PBXGroup section */

/* Begin PBXNativeTarget section */
		9A3A28FC1F8A1B85000856F0 /* vk */ = {
			isa = PBXNativeTarget;
			buildConfigurationList = 9A3A290F1F8A1B85000856F0 /* Build configuration list for PBXNativeTarget "vk" */;
			buildPhases = (
				42F7E525155A2DBF439D517C /* [CP] Check Pods Manifest.lock */,
				9A3A28F91F8A1B85000856F0 /* Sources */,
				9A3A28FA1F8A1B85000856F0 /* Frameworks */,
				9A3A28FB1F8A1B85000856F0 /* Resources */,
				E333C43C7BF3E289AEFA55F8 /* [CP] Embed Pods Frameworks */,
				A07258C2B6866420E3F1012D /* [CP] Copy Pods Resources */,
			);
			buildRules = (
			);
			dependencies = (
			);
			name = vk;
			productName = vk;
			productReference = 9A3A28FD1F8A1B85000856F0 /* vk.app */;
			productType = "com.apple.product-type.application";
		};
/* End PBXNativeTarget section */

/* Begin PBXProject section */
		9A3A28F51F8A1B85000856F0 /* Project object */ = {
			isa = PBXProject;
			attributes = {
				LastSwiftUpdateCheck = 0900;
				LastUpgradeCheck = 0900;
				ORGANIZATIONNAME = "Андрей Коноплев";
				TargetAttributes = {
					9A3A28FC1F8A1B85000856F0 = {
						CreatedOnToolsVersion = 9.0;
						ProvisioningStyle = Automatic;
					};
				};
			};
			buildConfigurationList = 9A3A28F81F8A1B85000856F0 /* Build configuration list for PBXProject "vk" */;
			compatibilityVersion = "Xcode 8.0";
			developmentRegion = en;
			hasScannedForEncodings = 0;
			knownRegions = (
				en,
				Base,
			);
			mainGroup = 9A3A28F41F8A1B85000856F0;
			productRefGroup = 9A3A28FE1F8A1B85000856F0 /* Products */;
			projectDirPath = "";
			projectRoot = "";
			targets = (
				9A3A28FC1F8A1B85000856F0 /* vk */,
			);
		};
/* End PBXProject section */

/* Begin PBXResourcesBuildPhase section */
		9A3A28FB1F8A1B85000856F0 /* Resources */ = {
			isa = PBXResourcesBuildPhase;
			buildActionMask = 2147483647;
			files = (
				9A9DE3611F8E731300789289 /* vkfeed.png in Resources */,
				9AD1E3581F901D50001FBE6A /* HeaderCell.xib in Resources */,
				9A0BE7AB1F997574009B33A5 /* phone.png in Resources */,
				9A9DE34E1F8E0B4D00789289 /* logo.jpg in Resources */,
				9A433ED61FA34EB20057D334 /* VideoListCellVC.xib in Resources */,
				9AD1E35A1F902171001FBE6A /* info.png in Resources */,
				9A9DE3591F8E184800789289 /* PostCell.xib in Resources */,
				9A9DE35D1F8E712E00789289 /* repsot.png in Resources */,
				9AA211F21FA4753000A3467B /* VideoCellVC.xib in Resources */,
				9ACBDFC11FAC783500908A30 /* LoadingView.xib in Resources */,
				9A9DE35B1F8E712700789289 /* like.png in Resources */,
				9AA211F41FA491F500A3467B /* views.png in Resources */,
				9A3A290B1F8A1B85000856F0 /* LaunchScreen.storyboard in Resources */,
				9A9DE35F1F8E730A00789289 /* tape.png in Resources */,
				9A3A29081F8A1B85000856F0 /* Assets.xcassets in Resources */,
				9A3A29061F8A1B85000856F0 /* Main.storyboard in Resources */,
			);
			runOnlyForDeploymentPostprocessing = 0;
		};
/* End PBXResourcesBuildPhase section */

/* Begin PBXShellScriptBuildPhase section */
		42F7E525155A2DBF439D517C /* [CP] Check Pods Manifest.lock */ = {
			isa = PBXShellScriptBuildPhase;
			buildActionMask = 2147483647;
			files = (
			);
			inputPaths = (
				"${PODS_PODFILE_DIR_PATH}/Podfile.lock",
				"${PODS_ROOT}/Manifest.lock",
			);
			name = "[CP] Check Pods Manifest.lock";
			outputPaths = (
				"$(DERIVED_FILE_DIR)/Pods-vk-checkManifestLockResult.txt",
			);
			runOnlyForDeploymentPostprocessing = 0;
			shellPath = /bin/sh;
			shellScript = "diff \"${PODS_PODFILE_DIR_PATH}/Podfile.lock\" \"${PODS_ROOT}/Manifest.lock\" > /dev/null\nif [ $? != 0 ] ; then\n    # print error to STDERR\n    echo \"error: The sandbox is not in sync with the Podfile.lock. Run 'pod install' or update your CocoaPods installation.\" >&2\n    exit 1\nfi\n# This output is used by Xcode 'outputs' to avoid re-running this script phase.\necho \"SUCCESS\" > \"${SCRIPT_OUTPUT_FILE_0}\"\n";
			showEnvVarsInLog = 0;
		};
		A07258C2B6866420E3F1012D /* [CP] Copy Pods Resources */ = {
			isa = PBXShellScriptBuildPhase;
			buildActionMask = 2147483647;
			files = (
			);
			inputPaths = (
			);
			name = "[CP] Copy Pods Resources";
			outputPaths = (
			);
			runOnlyForDeploymentPostprocessing = 0;
			shellPath = /bin/sh;
			shellScript = "\"${SRCROOT}/Pods/Target Support Files/Pods-vk/Pods-vk-resources.sh\"\n";
			showEnvVarsInLog = 0;
		};
		E333C43C7BF3E289AEFA55F8 /* [CP] Embed Pods Frameworks */ = {
			isa = PBXShellScriptBuildPhase;
			buildActionMask = 2147483647;
			files = (
			);
			inputPaths = (
				"${SRCROOT}/Pods/Target Support Files/Pods-vk/Pods-vk-frameworks.sh",
				"${BUILT_PRODUCTS_DIR}/Kingfisher/Kingfisher.framework",
				"${BUILT_PRODUCTS_DIR}/SwiftyJSON/SwiftyJSON.framework",
				"${BUILT_PRODUCTS_DIR}/VK-ios-sdk/VK_ios_sdk.framework",
			);
			name = "[CP] Embed Pods Frameworks";
			outputPaths = (
				"${TARGET_BUILD_DIR}/${FRAMEWORKS_FOLDER_PATH}/Kingfisher.framework",
				"${TARGET_BUILD_DIR}/${FRAMEWORKS_FOLDER_PATH}/SwiftyJSON.framework",
				"${TARGET_BUILD_DIR}/${FRAMEWORKS_FOLDER_PATH}/VK_ios_sdk.framework",
			);
			runOnlyForDeploymentPostprocessing = 0;
			shellPath = /bin/sh;
			shellScript = "\"${SRCROOT}/Pods/Target Support Files/Pods-vk/Pods-vk-frameworks.sh\"\n";
			showEnvVarsInLog = 0;
		};
/* End PBXShellScriptBuildPhase section */

/* Begin PBXSourcesBuildPhase section */
		9A3A28F91F8A1B85000856F0 /* Sources */ = {
			isa = PBXSourcesBuildPhase;
			buildActionMask = 2147483647;
			files = (
				9AF08A331F99336300965F92 /* ListVC.swift in Sources */,
				9A47C7C81F98B2D800DD663D /* CounterCell.swift in Sources */,
				9A09568F1F935DC400E448A6 /* statusVC.swift in Sources */,
				9A0BE7B51F9F144D009B33A5 /* PhotoGalleryVC.swift in Sources */,
				9AD1E3571F901D50001FBE6A /* HeaderCell.swift in Sources */,
				9A9DE3651F8E86D400789289 /* UserModel.swift in Sources */,
				9A0956921F93663E00E448A6 /* customImageView.swift in Sources */,
				9A433ED21FA34AE20057D334 /* VideoListVC.swift in Sources */,
				9A433ED81FA351CD0057D334 /* VideoModel.swift in Sources */,
				9A9DE3681F8E9AD900789289 /* Helper.swift in Sources */,
				9A9DE3111F8A22CA00789289 /* FeedVC.swift in Sources */,
				9A428D0D1FA0F715003E8D0E /* UIcolor+hex.swift in Sources */,
				9A9DE3151F8A236700789289 /* vk_auth_manager.swift in Sources */,
				9AF08A351F9957D600965F92 /* GroupModel.swift in Sources */,
				9AF08A301F99131E00965F92 /* PhotoCell.swift in Sources */,
				9AD1E35D1F9022AF001FBE6A /* ProfileInfoManager.swift in Sources */,
				9A9DE33F1F8BD0B800789289 /* API_conf.swift in Sources */,
				9A9DE31C1F8A331600789289 /* const.swift in Sources */,
				9AA211F11FA4753000A3467B /* VideoCellVC.swift in Sources */,
				9A09568D1F926D2200E448A6 /* InfoVC.swift in Sources */,
				9A433ED51FA34EB20057D334 /* VideoListCellVC.swift in Sources */,
				9A9DE3171F8A2D1C00789289 /* AuthorizationDelegate.swift in Sources */,
				9A3A29011F8A1B85000856F0 /* AppDelegate.swift in Sources */,
				9A9DE3411F8BD6A100789289 /* API_wrapper.swift in Sources */,
				9A0BE7B11F9DF410009B33A5 /* PhotoProfileManager.swift in Sources */,
				9A9DE3581F8E184800789289 /* PostCell.swift in Sources */,
				9A9DE33C1F8BCDD200789289 /* NewsVC.swift in Sources */,
				9A0BE7A61F995A5E009B33A5 /* ListCell.swift in Sources */,
				9AA211EE1FA4716800A3467B /* VideoVC.swift in Sources */,
				9A9DE3481F8D197D00789289 /* postModel.swift in Sources */,
				9A9DE3451F8D181400789289 /* newsManager.swift in Sources */,
				9A0BE7B31F9DFA54009B33A5 /* PhotoModel.swift in Sources */,
				9A0BE7A91F995FF3009B33A5 /* UsersAndGroupsManager.swift in Sources */,
				9ACBDFC31FAC789500908A30 /* LoadingView.swift in Sources */,
				9A433EDB1FA35C650057D334 /* VideoListManager.swift in Sources */,
			);
			runOnlyForDeploymentPostprocessing = 0;
		};
/* End PBXSourcesBuildPhase section */

/* Begin PBXVariantGroup section */
		9A3A29041F8A1B85000856F0 /* Main.storyboard */ = {
			isa = PBXVariantGroup;
			children = (
				9A3A29051F8A1B85000856F0 /* Base */,
			);
			name = Main.storyboard;
			sourceTree = "<group>";
		};
		9A3A29091F8A1B85000856F0 /* LaunchScreen.storyboard */ = {
			isa = PBXVariantGroup;
			children = (
				9A3A290A1F8A1B85000856F0 /* Base */,
			);
			name = LaunchScreen.storyboard;
			sourceTree = "<group>";
		};
/* End PBXVariantGroup section */

/* Begin XCBuildConfiguration section */
		9A3A290D1F8A1B85000856F0 /* Debug */ = {
			isa = XCBuildConfiguration;
			buildSettings = {
				ALWAYS_SEARCH_USER_PATHS = NO;
				CLANG_ANALYZER_NONNULL = YES;
				CLANG_ANALYZER_NUMBER_OBJECT_CONVERSION = YES_AGGRESSIVE;
				CLANG_CXX_LANGUAGE_STANDARD = "gnu++14";
				CLANG_CXX_LIBRARY = "libc++";
				CLANG_ENABLE_MODULES = YES;
				CLANG_ENABLE_OBJC_ARC = YES;
				CLANG_WARN_BLOCK_CAPTURE_AUTORELEASING = YES;
				CLANG_WARN_BOOL_CONVERSION = YES;
				CLANG_WARN_COMMA = YES;
				CLANG_WARN_CONSTANT_CONVERSION = YES;
				CLANG_WARN_DIRECT_OBJC_ISA_USAGE = YES_ERROR;
				CLANG_WARN_DOCUMENTATION_COMMENTS = YES;
				CLANG_WARN_EMPTY_BODY = YES;
				CLANG_WARN_ENUM_CONVERSION = YES;
				CLANG_WARN_INFINITE_RECURSION = YES;
				CLANG_WARN_INT_CONVERSION = YES;
				CLANG_WARN_NON_LITERAL_NULL_CONVERSION = YES;
				CLANG_WARN_OBJC_LITERAL_CONVERSION = YES;
				CLANG_WARN_OBJC_ROOT_CLASS = YES_ERROR;
				CLANG_WARN_RANGE_LOOP_ANALYSIS = YES;
				CLANG_WARN_STRICT_PROTOTYPES = YES;
				CLANG_WARN_SUSPICIOUS_MOVE = YES;
				CLANG_WARN_UNGUARDED_AVAILABILITY = YES_AGGRESSIVE;
				CLANG_WARN_UNREACHABLE_CODE = YES;
				CLANG_WARN__DUPLICATE_METHOD_MATCH = YES;
				CODE_SIGN_IDENTITY = "iPhone Developer";
				COPY_PHASE_STRIP = NO;
				DEBUG_INFORMATION_FORMAT = dwarf;
				ENABLE_STRICT_OBJC_MSGSEND = YES;
				ENABLE_TESTABILITY = YES;
				GCC_C_LANGUAGE_STANDARD = gnu11;
				GCC_DYNAMIC_NO_PIC = NO;
				GCC_NO_COMMON_BLOCKS = YES;
				GCC_OPTIMIZATION_LEVEL = 0;
				GCC_PREPROCESSOR_DEFINITIONS = (
					"DEBUG=1",
					"$(inherited)",
				);
				GCC_WARN_64_TO_32_BIT_CONVERSION = YES;
				GCC_WARN_ABOUT_RETURN_TYPE = YES_ERROR;
				GCC_WARN_UNDECLARED_SELECTOR = YES;
				GCC_WARN_UNINITIALIZED_AUTOS = YES_AGGRESSIVE;
				GCC_WARN_UNUSED_FUNCTION = YES;
				GCC_WARN_UNUSED_VARIABLE = YES;
				IPHONEOS_DEPLOYMENT_TARGET = 11.0;
				MTL_ENABLE_DEBUG_INFO = YES;
				ONLY_ACTIVE_ARCH = YES;
				SDKROOT = iphoneos;
				SWIFT_ACTIVE_COMPILATION_CONDITIONS = DEBUG;
				SWIFT_OPTIMIZATION_LEVEL = "-Onone";
			};
			name = Debug;
		};
		9A3A290E1F8A1B85000856F0 /* Release */ = {
			isa = XCBuildConfiguration;
			buildSettings = {
				ALWAYS_SEARCH_USER_PATHS = NO;
				CLANG_ANALYZER_NONNULL = YES;
				CLANG_ANALYZER_NUMBER_OBJECT_CONVERSION = YES_AGGRESSIVE;
				CLANG_CXX_LANGUAGE_STANDARD = "gnu++14";
				CLANG_CXX_LIBRARY = "libc++";
				CLANG_ENABLE_MODULES = YES;
				CLANG_ENABLE_OBJC_ARC = YES;
				CLANG_WARN_BLOCK_CAPTURE_AUTORELEASING = YES;
				CLANG_WARN_BOOL_CONVERSION = YES;
				CLANG_WARN_COMMA = YES;
				CLANG_WARN_CONSTANT_CONVERSION = YES;
				CLANG_WARN_DIRECT_OBJC_ISA_USAGE = YES_ERROR;
				CLANG_WARN_DOCUMENTATION_COMMENTS = YES;
				CLANG_WARN_EMPTY_BODY = YES;
				CLANG_WARN_ENUM_CONVERSION = YES;
				CLANG_WARN_INFINITE_RECURSION = YES;
				CLANG_WARN_INT_CONVERSION = YES;
				CLANG_WARN_NON_LITERAL_NULL_CONVERSION = YES;
				CLANG_WARN_OBJC_LITERAL_CONVERSION = YES;
				CLANG_WARN_OBJC_ROOT_CLASS = YES_ERROR;
				CLANG_WARN_RANGE_LOOP_ANALYSIS = YES;
				CLANG_WARN_STRICT_PROTOTYPES = YES;
				CLANG_WARN_SUSPICIOUS_MOVE = YES;
				CLANG_WARN_UNGUARDED_AVAILABILITY = YES_AGGRESSIVE;
				CLANG_WARN_UNREACHABLE_CODE = YES;
				CLANG_WARN__DUPLICATE_METHOD_MATCH = YES;
				CODE_SIGN_IDENTITY = "iPhone Developer";
				COPY_PHASE_STRIP = NO;
				DEBUG_INFORMATION_FORMAT = "dwarf-with-dsym";
				ENABLE_NS_ASSERTIONS = NO;
				ENABLE_STRICT_OBJC_MSGSEND = YES;
				GCC_C_LANGUAGE_STANDARD = gnu11;
				GCC_NO_COMMON_BLOCKS = YES;
				GCC_WARN_64_TO_32_BIT_CONVERSION = YES;
				GCC_WARN_ABOUT_RETURN_TYPE = YES_ERROR;
				GCC_WARN_UNDECLARED_SELECTOR = YES;
				GCC_WARN_UNINITIALIZED_AUTOS = YES_AGGRESSIVE;
				GCC_WARN_UNUSED_FUNCTION = YES;
				GCC_WARN_UNUSED_VARIABLE = YES;
				IPHONEOS_DEPLOYMENT_TARGET = 11.0;
				MTL_ENABLE_DEBUG_INFO = NO;
				SDKROOT = iphoneos;
				SWIFT_OPTIMIZATION_LEVEL = "-Owholemodule";
				VALIDATE_PRODUCT = YES;
			};
			name = Release;
		};
		9A3A29101F8A1B85000856F0 /* Debug */ = {
			isa = XCBuildConfiguration;
			baseConfigurationReference = 85B3025A524DECD56BBE21D5 /* Pods-vk.debug.xcconfig */;
			buildSettings = {
				ASSETCATALOG_COMPILER_APPICON_NAME = AppIcon;
				CODE_SIGN_STYLE = Automatic;
				INFOPLIST_FILE = "$(SRCROOT)/vk/other/Info.plist";
				IPHONEOS_DEPLOYMENT_TARGET = 9.0;
				LD_RUNPATH_SEARCH_PATHS = "$(inherited) @executable_path/Frameworks";
				PRODUCT_BUNDLE_IDENTIFIER = beetlab.vk;
				PRODUCT_NAME = "$(TARGET_NAME)";
				SWIFT_VERSION = 4.0;
				TARGETED_DEVICE_FAMILY = "1,2";
			};
			name = Debug;
		};
		9A3A29111F8A1B85000856F0 /* Release */ = {
			isa = XCBuildConfiguration;
			baseConfigurationReference = F984FD9903B6799AAD59410E /* Pods-vk.release.xcconfig */;
			buildSettings = {
				ASSETCATALOG_COMPILER_APPICON_NAME = AppIcon;
				CODE_SIGN_STYLE = Automatic;
				INFOPLIST_FILE = "$(SRCROOT)/vk/other/Info.plist";
				IPHONEOS_DEPLOYMENT_TARGET = 9.0;
				LD_RUNPATH_SEARCH_PATHS = "$(inherited) @executable_path/Frameworks";
				PRODUCT_BUNDLE_IDENTIFIER = beetlab.vk;
				PRODUCT_NAME = "$(TARGET_NAME)";
				SWIFT_VERSION = 4.0;
				TARGETED_DEVICE_FAMILY = "1,2";
			};
			name = Release;
		};
/* End XCBuildConfiguration section */

/* Begin XCConfigurationList section */
		9A3A28F81F8A1B85000856F0 /* Build configuration list for PBXProject "vk" */ = {
			isa = XCConfigurationList;
			buildConfigurations = (
				9A3A290D1F8A1B85000856F0 /* Debug */,
				9A3A290E1F8A1B85000856F0 /* Release */,
			);
			defaultConfigurationIsVisible = 0;
			defaultConfigurationName = Release;
		};
		9A3A290F1F8A1B85000856F0 /* Build configuration list for PBXNativeTarget "vk" */ = {
			isa = XCConfigurationList;
			buildConfigurations = (
				9A3A29101F8A1B85000856F0 /* Debug */,
				9A3A29111F8A1B85000856F0 /* Release */,
			);
			defaultConfigurationIsVisible = 0;
			defaultConfigurationName = Release;
		};
/* End XCConfigurationList section */
	};
	rootObject = 9A3A28F51F8A1B85000856F0 /* Project object */;
}
